<?xml version="1.0" encoding="utf-8"?>
<Project ToolsVersion="4.0" xmlns="http://schemas.microsoft.com/developer/msbuild/2003">
  <ItemGroup>
    <Filter Include="Source Files">
      <UniqueIdentifier>{4FC737F1-C7A5-4376-A066-2A32D752A2FF}</UniqueIdentifier>
      <Extensions>cpp;c;cxx;def;odl;idl;hpj;bat;asm;asmx</Extensions>
    </Filter>
    <Filter Include="Header Files">
      <UniqueIdentifier>{93995380-89BD-4b04-88EB-625FBE52EBFB}</UniqueIdentifier>
      <Extensions>h;hpp;hxx;hm;inl;inc;xsd</Extensions>
    </Filter>
    <Filter Include="Generated Files">
      <UniqueIdentifier>{71ED8ED8-ACB9-4CE9-BBE1-E00B30144E11}</UniqueIdentifier>
      <Extensions>cpp;c;cxx;moc;h;def;odl;idl;res;</Extensions>
    </Filter>
  </ItemGroup>
  <ItemGroup>
    <ClCompile Include="..\..\controls.extend\image3d\3dlib.cpp">
      <Filter>Source Files</Filter>
    </ClCompile>
    <ClCompile Include="..\..\controls.extend\image3d\3dmatrix.cpp">
      <Filter>Source Files</Filter>
    </ClCompile>
    <ClCompile Include="..\..\controls.extend\image3d\3dtransform.cpp">
      <Filter>Source Files</Filter>
    </ClCompile>
    <ClCompile Include="extend.ctrls\imre\ClipboardConverter.cpp">
      <Filter>Source Files</Filter>
    </ClCompile>
    <ClCompile Include="extend.ctrls\ExtendCtrls.cpp">
      <Filter>Source Files</Filter>
    </ClCompile>
    <ClCompile Include="extend.skins\ExtendSkins.cpp">
      <Filter>Source Files</Filter>
    </ClCompile>
    <ClCompile Include="GroupChatFrame.cpp">
      <Filter>Source Files</Filter>
    </ClCompile>
    <ClCompile Include="extend.ctrls\imre\HTMLParser.cpp">
      <Filter>Source Files</Filter>
    </ClCompile>
    <ClCompile Include="extend.ctrls\imre\HTTPDownloader.cpp">
      <Filter>Source Files</Filter>
    </ClCompile>
    <ClCompile Include="extend.ctrls\imre\ImgProvider.cpp">
      <Filter>Source Files</Filter>
    </ClCompile>
    <ClCompile Include="MainDlg.cpp">
      <Filter>Source Files</Filter>
    </ClCompile>
    <ClCompile Include="MenuWrapper.cpp">
      <Filter>Source Files</Filter>
    </ClCompile>
    <ClCompile Include="QQLogin.cpp">
      <Filter>Source Files</Filter>
    </ClCompile>
    <ClCompile Include="extend.ctrls\imre\RichEditObj.cpp">
      <Filter>Source Files</Filter>
    </ClCompile>
    <ClCompile Include="extend.ctrls\imre\RichEditObjFactory.cpp">
      <Filter>Source Files</Filter>
    </ClCompile>
    <ClCompile Include="extend.ctrls\imre\RichEditOleBase.cpp">
      <Filter>Source Files</Filter>
    </ClCompile>
    <ClCompile Include="extend.ctrls\imre\RichEditOleCallback.cpp">
      <Filter>Source Files</Filter>
    </ClCompile>
    <ClCompile Include="extend.ctrls\imre\RichEditOleCtrls.cpp">
      <Filter>Source Files</Filter>
    </ClCompile>
    <ClCompile Include="extend.ctrls\imre\RichEditUnitConverter.cpp">
      <Filter>Source Files</Filter>
    </ClCompile>
    <ClCompile Include="extend.skins\SAntialiasSkin.cpp">
      <Filter>Source Files</Filter>
    </ClCompile>
    <ClCompile Include="extend.ctrls\SButtonEx.cpp">
      <Filter>Source Files</Filter>
    </ClCompile>
    <ClCompile Include="..\..\controls.extend\SChromeTabCtrl.cpp">
      <Filter>Source Files</Filter>
    </ClCompile>
    <ClCompile Include="extend.ctrls\imre\SImRichedit.cpp">
      <Filter>Source Files</Filter>
    </ClCompile>
    <ClCompile Include="..\..\controls.extend\SImageMaskWnd.cpp">
      <Filter>Source Files</Filter>
    </ClCompile>
    <ClCompile Include="extend.ctrls\SImageView.cpp">
      <Filter>Source Files</Filter>
    </ClCompile>
    <ClCompile Include="..\..\controls.extend\STurn3DView.cpp">
      <Filter>Source Files</Filter>
    </ClCompile>
    <ClCompile Include="extend.ctrls\SplitBar.cpp">
      <Filter>Source Files</Filter>
    </ClCompile>
    <ClCompile Include="extend.ctrls\imre\dataobject.cpp">
      <Filter>Source Files</Filter>
    </ClCompile>
    <ClCompile Include="..\..\controls.extend\slistboxex.cpp">
      <Filter>Source Files</Filter>
    </ClCompile>
    <ClCompile Include="utils.cpp">
      <Filter>Source Files</Filter>
    </ClCompile>
    <ClCompile Include="stdafx.h.cpp">
      <Filter>Generated Files</Filter>
    </ClCompile>
  </ItemGroup>
  <ItemGroup>
    <ClInclude Include="..\..\controls.extend\image3d\3dTransform.h">
      <Filter>Header Files</Filter>
    </ClInclude>
    <ClInclude Include="..\..\controls.extend\image3d\3dlib.h">
      <Filter>Header Files</Filter>
    </ClInclude>
    <ClInclude Include="..\..\controls.extend\image3d\3dmatrix.h">
      <Filter>Header Files</Filter>
    </ClInclude>
    <ClInclude Include="extend.ctrls\imre\ClipboardConverter.h">
      <Filter>Header Files</Filter>
    </ClInclude>
    <ClInclude Include="extend.ctrls\ExtendCtrls.h">
      <Filter>Header Files</Filter>
    </ClInclude>
    <ClInclude Include="extend.events\ExtendEvents.h">
      <Filter>Header Files</Filter>
    </ClInclude>
    <ClInclude Include="extend.skins\ExtendSkins.h">
      <Filter>Header Files</Filter>
    </ClInclude>
    <ClInclude Include="..\..\controls.extend\FileHelper.h">
      <Filter>Header Files</Filter>
    </ClInclude>
    <ClInclude Include="GroupChatFrame.h">
      <Filter>Header Files</Filter>
    </ClInclude>
    <ClInclude Include="extend.ctrls\imre\HTMLParser.h">
      <Filter>Header Files</Filter>
    </ClInclude>
    <ClInclude Include="extend.ctrls\imre\HTTPDownloader.h">
      <Filter>Header Files</Filter>
    </ClInclude>
    <ClInclude Include="extend.ctrls\imre\IRichEditObjHost.h">
      <Filter>Header Files</Filter>
    </ClInclude>
    <ClInclude Include="extend.ctrls\imre\ImgProvider.h">
      <Filter>Header Files</Filter>
    </ClInclude>
    <ClInclude Include="MainDlg.h">
      <Filter>Header Files</Filter>
    </ClInclude>
    <ClInclude Include="MenuWrapper.h">
      <Filter>Header Files</Filter>
    </ClInclude>
    <ClInclude Include="extend.ctrls\imre\RichEditObj.h">
      <Filter>Header Files</Filter>
    </ClInclude>
    <ClInclude Include="extend.ctrls\imre\RichEditObjEvents.h">
      <Filter>Header Files</Filter>
    </ClInclude>
    <ClInclude Include="extend.ctrls\imre\RichEditObjFactory.h">
      <Filter>Header Files</Filter>
    </ClInclude>
    <ClInclude Include="extend.ctrls\imre\RichEditOleBase.h">
      <Filter>Header Files</Filter>
    </ClInclude>
    <ClInclude Include="extend.ctrls\imre\RichEditOleCallback.h">
      <Filter>Header Files</Filter>
    </ClInclude>
    <ClInclude Include="extend.ctrls\imre\RichEditOleCtrls.h">
      <Filter>Header Files</Filter>
    </ClInclude>
    <ClInclude Include="extend.ctrls\imre\RichEditUnitConverter.h">
      <Filter>Header Files</Filter>
    </ClInclude>
    <ClInclude Include="extend.skins\SAntialiasSkin.h">
      <Filter>Header Files</Filter>
    </ClInclude>
    <ClInclude Include="extend.ctrls\SButtonEx.h">
      <Filter>Header Files</Filter>
    </ClInclude>
    <ClInclude Include="..\..\controls.extend\SChromeTabCtrl.h">
      <Filter>Header Files</Filter>
    </ClInclude>
    <ClInclude Include="extend.ctrls\imre\SImRichEdit.h">
      <Filter>Header Files</Filter>
    </ClInclude>
    <ClInclude Include="..\..\controls.extend\SImageMaskWnd.h">
      <Filter>Header Files</Filter>
    </ClInclude>
    <ClInclude Include="extend.ctrls\SImageView.h">
      <Filter>Header Files</Filter>
    </ClInclude>
    <ClInclude Include="extend.ctrls\SSplitBar.h">
      <Filter>Header Files</Filter>
    </ClInclude>
    <ClInclude Include="..\..\controls.extend\STurn3DView.h">
      <Filter>Header Files</Filter>
    </ClInclude>
    <ClInclude Include="extend.skins\SVscrollbar.h">
      <Filter>Header Files</Filter>
    </ClInclude>
    <ClInclude Include="extend.ctrls\imre\dataobject.h">
      <Filter>Header Files</Filter>
    </ClInclude>
    <ClInclude Include="resource.h">
      <Filter>Header Files</Filter>
    </ClInclude>
    <ClInclude Include="..\..\controls.extend\slistboxex.h">
      <Filter>Header Files</Filter>
    </ClInclude>
    <ClInclude Include="utils.h">
      <Filter>Header Files</Filter>
    </ClInclude>
  </ItemGroup>
  <ItemGroup>
    <ResourceCompile Include="qqlogin.rc" />
  </ItemGroup>
  <ItemGroup>
    <CustomBuild Include="stdafx.h">
      <Filter>Header Files</Filter>
    </CustomBuild>
  </ItemGroup>
</Project>