<?xml version="1.0" encoding="utf-8"?>
<Project ToolsVersion="4.0" xmlns="http://schemas.microsoft.com/developer/msbuild/2003">
  <ItemGroup>
    <Filter Include="Source Files">
      <UniqueIdentifier>{4FC737F1-C7A5-4376-A066-2A32D752A2FF}</UniqueIdentifier>
      <Extensions>cpp;c;cxx;def;odl;idl;hpj;bat;asm;asmx</Extensions>
    </Filter>
    <Filter Include="Header Files">
      <UniqueIdentifier>{93995380-89BD-4b04-88EB-625FBE52EBFB}</UniqueIdentifier>
      <Extensions>h;hpp;hxx;hm;inl;inc;xsd</Extensions>
    </Filter>
    <Filter Include="Generated Files">
      <UniqueIdentifier>{71ED8ED8-ACB9-4CE9-BBE1-E00B30144E11}</UniqueIdentifier>
      <Extensions>cpp;c;cxx;moc;h;def;odl;idl;res;</Extensions>
    </Filter>
  </ItemGroup>
  <ItemGroup>
    <ClCompile Include="ui\ChooseAvatar.cpp">
      <Filter>Source Files</Filter>
    </ClCompile>
    <ClCompile Include="ui\drag\DragWnd.cpp">
      <Filter>Source Files</Filter>
    </ClCompile>
    <ClCompile Include="ui\adapter\FirendListItemAdapter.cpp">
      <Filter>Source Files</Filter>
    </ClCompile>
    <ClCompile Include="ui\adapter\HotChannelListItemAdapter.cpp">
      <Filter>Source Files</Filter>
    </ClCompile>
    <ClCompile Include="ui\MainDlg.cpp">
      <Filter>Source Files</Filter>
    </ClCompile>
    <ClCompile Include="ui\adapter\NewChannelListItemAdapter.cpp">
      <Filter>Source Files</Filter>
    </ClCompile>
    <ClCompile Include="ui\adapter\NodeMgr.cpp">
      <Filter>Source Files</Filter>
    </ClCompile>
    <ClCompile Include="ui\SHeaderCtrlEx.cpp">
      <Filter>Source Files</Filter>
    </ClCompile>
    <ClCompile Include="ui\SProfilePicture.cpp">
      <Filter>Source Files</Filter>
    </ClCompile>
    <ClCompile Include="ui\SToggleEx.cpp">
      <Filter>Source Files</Filter>
    </ClCompile>
    <ClCompile Include="ui\adapter\SimpleListDef.cpp">
      <Filter>Source Files</Filter>
    </ClCompile>
    <ClCompile Include="main.cpp">
      <Filter>Source Files</Filter>
    </ClCompile>
    <ClCompile Include="stdafx.h.cpp">
      <Filter>Generated Files</Filter>
    </ClCompile>
  </ItemGroup>
  <ItemGroup>
    <ClInclude Include="ui\ChooseAvatar.h">
      <Filter>Header Files</Filter>
    </ClInclude>
    <ClInclude Include="ui\drag\DragWnd.h">
      <Filter>Header Files</Filter>
    </ClInclude>
    <ClInclude Include="ui\FileHelper.h">
      <Filter>Header Files</Filter>
    </ClInclude>
    <ClInclude Include="ui\adapter\FirendListItemAdapter.h">
      <Filter>Header Files</Filter>
    </ClInclude>
    <ClInclude Include="ui\adapter\HotChannelListItemAdapter.h">
      <Filter>Header Files</Filter>
    </ClInclude>
    <ClInclude Include="ui\adapter\IListItemCallBack.h">
      <Filter>Header Files</Filter>
    </ClInclude>
    <ClInclude Include="ui\MainDlg.h">
      <Filter>Header Files</Filter>
    </ClInclude>
    <ClInclude Include="ui\adapter\NewChannelListItemAdapter.h">
      <Filter>Header Files</Filter>
    </ClInclude>
    <ClInclude Include="ui\adapter\NodeMgr.h">
      <Filter>Header Files</Filter>
    </ClInclude>
    <ClInclude Include="ui\SHeaderCtrlEx.h">
      <Filter>Header Files</Filter>
    </ClInclude>
    <ClInclude Include="ui\SProfilePicture.h">
      <Filter>Header Files</Filter>
    </ClInclude>
    <ClInclude Include="ui\SToggleEx.h">
      <Filter>Header Files</Filter>
    </ClInclude>
    <ClInclude Include="ui\adapter\SimpleListDef.h">
      <Filter>Header Files</Filter>
    </ClInclude>
    <ClInclude Include="res\resource.h">
      <Filter>Header Files</Filter>
    </ClInclude>
    <ClInclude Include="resource.h">
      <Filter>Header Files</Filter>
    </ClInclude>
  </ItemGroup>
  <ItemGroup>
    <ResourceCompile Include="qqmain.rc" />
  </ItemGroup>
  <ItemGroup>
    <CustomBuild Include="stdafx.h">
      <Filter>Header Files</Filter>
    </CustomBuild>
  </ItemGroup>
</Project>